
Microsoft Visual Studio Solution File, Format Version 12.00
# Visual Studio Version 17
VisualStudioVersion = 17.5.33530.505
MinimumVisualStudioVersion = 10.0.40219.1
Project("{FAE04EC0-301F-11D3-BF4B-00C04F79EFBC}") = "DatabaseAPI", "DatabaseAPI\DatabaseAPI.csproj", "{561D0B2B-B064-4179-93DD-F032F189C362}"
EndProject
Global
	GlobalSection(SolutionConfigurationPlatforms) = preSolution
		Debug|Any CPU = Debug|Any CPU
		Release|Any CPU = Release|Any CPU
	EndGlobalSection
	GlobalSection(ProjectConfigurationPlatforms) = postSolution
		{561D0B2B-B064-4179-93DD-F032F189C362}.Debug|Any CPU.ActiveCfg = Debug|Any CPU
		{561D0B2B-B064-4179-93DD-F032F189C362}.Debug|Any CPU.Build.0 = Debug|Any CPU
		{561D0B2B-B064-4179-93DD-F032F189C362}.Release|Any CPU.ActiveCfg = Release|Any CPU
		{561D0B2B-B064-4179-93DD-F032F189C362}.Release|Any CPU.Build.0 = Release|Any CPU
	EndGlobalSection
	GlobalSection(SolutionProperties) = preSolution
		HideSolutionNode = FALSE
	EndGlobalSection
	GlobalSection(ExtensibilityGlobals) = postSolution
		SolutionGuid = {C17DCF8D-3476-4AB1-BF31-10CBA094992C}
	EndGlobalSection
EndGlobal
